// !$*UTF8*$!
{
	archiveVersion = 1;
	classes = {
	};
	objectVersion = 46;
	objects = {

/* Begin PBXBuildFile section */
		2E0E9DF421487D5500D5D98F /* HeightCalculable.swift in Sources */ = {isa = PBXBuildFile; fileRef = 2E0E9DF321487D5500D5D98F /* HeightCalculable.swift */; };
		2E0E9DF621487D9500D5D98F /* Array+Extension.swift in Sources */ = {isa = PBXBuildFile; fileRef = 2E0E9DF521487D9500D5D98F /* Array+Extension.swift */; };
		2E0E9DF821487DFA00D5D98F /* TextHeightCalculator.swift in Sources */ = {isa = PBXBuildFile; fileRef = 2E0E9DF721487DFA00D5D98F /* TextHeightCalculator.swift */; };
		2E2F7D12215086FD0080A256 /* HighlightableSearchBar.xib in Resources */ = {isa = PBXBuildFile; fileRef = 2E2F7D10215086FD0080A256 /* HighlightableSearchBar.xib */; };
		2E2F7D13215086FD0080A256 /* HighlightableSearchBar.swift in Sources */ = {isa = PBXBuildFile; fileRef = 2E2F7D11215086FD0080A256 /* HighlightableSearchBar.swift */; };
		2E318B45210547C500E6EF83 /* SearchBarViewController.swift in Sources */ = {isa = PBXBuildFile; fileRef = 2E318B44210547C500E6EF83 /* SearchBarViewController.swift */; };
		2E7FB43521225123000A852D /* CuteCollectionViewCell.xib in Resources */ = {isa = PBXBuildFile; fileRef = 2E7FB43421225123000A852D /* CuteCollectionViewCell.xib */; };
		2E7FB43721225208000A852D /* CuteCollectionViewCell.swift in Sources */ = {isa = PBXBuildFile; fileRef = 2E7FB43621225208000A852D /* CuteCollectionViewCell.swift */; };
		2E7FB43921225518000A852D /* DynamicCollectionViewController.swift in Sources */ = {isa = PBXBuildFile; fileRef = 2E7FB43821225518000A852D /* DynamicCollectionViewController.swift */; };
		2E7FB43B21225791000A852D /* DynamicHeightCollectionViewLayout.swift in Sources */ = {isa = PBXBuildFile; fileRef = 2E7FB43A21225791000A852D /* DynamicHeightCollectionViewLayout.swift */; };
		2E80ADC120BF894C00A6DCD4 /* FirstCustomTransitionViewController.swift in Sources */ = {isa = PBXBuildFile; fileRef = 2E80ADC020BF894C00A6DCD4 /* FirstCustomTransitionViewController.swift */; };
		2E80ADC320BF896D00A6DCD4 /* SecondCustomTransitionViewController.swift in Sources */ = {isa = PBXBuildFile; fileRef = 2E80ADC220BF896D00A6DCD4 /* SecondCustomTransitionViewController.swift */; };
		2E8AAADB212F692E00D7BD99 /* AdorableCollectionViewCell.xib in Resources */ = {isa = PBXBuildFile; fileRef = 2E8AAADA212F692E00D7BD99 /* AdorableCollectionViewCell.xib */; };
		2E8AAADD212F693900D7BD99 /* AdorableCollectionViewCell.swift in Sources */ = {isa = PBXBuildFile; fileRef = 2E8AAADC212F693900D7BD99 /* AdorableCollectionViewCell.swift */; };
		2EB88C63213DF50000B523BE /* ButtonLayoutViewController.swift in Sources */ = {isa = PBXBuildFile; fileRef = 2EB88C62213DF50000B523BE /* ButtonLayoutViewController.swift */; };
		2ECFEA6120E44D3A0064E12B /* AutoLayoutCollectionViewCell.swift in Sources */ = {isa = PBXBuildFile; fileRef = 2ECFEA6020E44D3A0064E12B /* AutoLayoutCollectionViewCell.swift */; };
		2ECFEA6320E44D490064E12B /* AutoLayoutCollectionViewCell.xib in Resources */ = {isa = PBXBuildFile; fileRef = 2ECFEA6220E44D490064E12B /* AutoLayoutCollectionViewCell.xib */; };
		2ED728F52159B4F40064C3E7 /* PseudoCollectionViewController.swift in Sources */ = {isa = PBXBuildFile; fileRef = 2ED728F42159B4F40064C3E7 /* PseudoCollectionViewController.swift */; };
		2EF9C0CE2159C13E00539D20 /* LargePseudoCollectionReusableView.xib in Resources */ = {isa = PBXBuildFile; fileRef = 2EF9C0CD2159C13E00539D20 /* LargePseudoCollectionReusableView.xib */; };
		2EF9C0D02159C24E00539D20 /* SmallPseudoCollectionViewCell.xib in Resources */ = {isa = PBXBuildFile; fileRef = 2EF9C0CF2159C24E00539D20 /* SmallPseudoCollectionViewCell.xib */; };
		490224B22122EEF8009E9AC4 /* PillarCollectionReusableView.xib in Resources */ = {isa = PBXBuildFile; fileRef = 490224B12122EEF8009E9AC4 /* PillarCollectionReusableView.xib */; };
		490224B42122EF7E009E9AC4 /* PillarCollectionReusableView.swift in Sources */ = {isa = PBXBuildFile; fileRef = 490224B32122EF7E009E9AC4 /* PillarCollectionReusableView.swift */; };
		4909802C20A451540078CA4E /* FirstTabViewController.swift in Sources */ = {isa = PBXBuildFile; fileRef = 4909802B20A451540078CA4E /* FirstTabViewController.swift */; };
		49116FA420E3C24C00C4C31C /* CollectionMovementViewController.swift in Sources */ = {isa = PBXBuildFile; fileRef = 49116FA320E3C24C00C4C31C /* CollectionMovementViewController.swift */; };
		491572521DCEA0AD0046AD0D /* CustomView.swift in Sources */ = {isa = PBXBuildFile; fileRef = 491572511DCEA0AD0046AD0D /* CustomView.swift */; };
		49172CB01C54ABE70008B61B /* MemeTextField.swift in Sources */ = {isa = PBXBuildFile; fileRef = 49172CAF1C54ABE70008B61B /* MemeTextField.swift */; };
		491C11FC208F44B400C59999 /* ConstrainedLabelViewController.swift in Sources */ = {isa = PBXBuildFile; fileRef = 491C11FB208F44B400C59999 /* ConstrainedLabelViewController.swift */; };
		49376B052164DF6600933057 /* InsetSeparatorReusableView.xib in Resources */ = {isa = PBXBuildFile; fileRef = 49376B042164DF6600933057 /* InsetSeparatorReusableView.xib */; };
		494873F31C53555800B689D3 /* AppDelegate.swift in Sources */ = {isa = PBXBuildFile; fileRef = 494873F21C53555800B689D3 /* AppDelegate.swift */; };
		494873F51C53555800B689D3 /* ViewController.swift in Sources */ = {isa = PBXBuildFile; fileRef = 494873F41C53555800B689D3 /* ViewController.swift */; };
		494873F81C53555800B689D3 /* Main.storyboard in Resources */ = {isa = PBXBuildFile; fileRef = 494873F61C53555800B689D3 /* Main.storyboard */; };
		494873FA1C53555800B689D3 /* Assets.xcassets in Resources */ = {isa = PBXBuildFile; fileRef = 494873F91C53555800B689D3 /* Assets.xcassets */; };
		494873FD1C53555800B689D3 /* LaunchScreen.storyboard in Resources */ = {isa = PBXBuildFile; fileRef = 494873FB1C53555800B689D3 /* LaunchScreen.storyboard */; };
		494874051C5371C600B689D3 /* Meme.swift in Sources */ = {isa = PBXBuildFile; fileRef = 494874041C5371C600B689D3 /* Meme.swift */; };
		496454A5218B1D9900F790C9 /* LoaderCollectionReusableView.xib in Resources */ = {isa = PBXBuildFile; fileRef = 496454A4218B1D9900F790C9 /* LoaderCollectionReusableView.xib */; };
		49702DF6208F5A1000064C84 /* TableMovementViewController.swift in Sources */ = {isa = PBXBuildFile; fileRef = 49702DF5208F5A1000064C84 /* TableMovementViewController.swift */; };
		4974E141212C26B3004AE3D0 /* MenuViewController.swift in Sources */ = {isa = PBXBuildFile; fileRef = 4974E140212C26B3004AE3D0 /* MenuViewController.swift */; };
		4975419D21470C56006CC7C0 /* ChangeTracerArray.swift in Sources */ = {isa = PBXBuildFile; fileRef = 4975419C21470C56006CC7C0 /* ChangeTracerArray.swift */; };
		4979EC5F2063DDE40024BC6F /* SkeletonView.swift in Sources */ = {isa = PBXBuildFile; fileRef = 4979EC5E2063DDE40024BC6F /* SkeletonView.swift */; };
		4979EC622063E2FB0024BC6F /* SkeletonTestViewController.swift in Sources */ = {isa = PBXBuildFile; fileRef = 4979EC612063E2FA0024BC6F /* SkeletonTestViewController.swift */; };
		498BA3F2208207AC00BAF4FB /* ColorPageViewController.swift in Sources */ = {isa = PBXBuildFile; fileRef = 498BA3F1208207AC00BAF4FB /* ColorPageViewController.swift */; };
		498BA3F42082E29B00BAF4FB /* ColorSelectViewController.swift in Sources */ = {isa = PBXBuildFile; fileRef = 498BA3F32082E29B00BAF4FB /* ColorSelectViewController.swift */; };
		499992C8205CA934001871CF /* LabelViewController.swift in Sources */ = {isa = PBXBuildFile; fileRef = 499992C7205CA934001871CF /* LabelViewController.swift */; };
		49A9803B2072504F00A492D5 /* FirstNavViewController.swift in Sources */ = {isa = PBXBuildFile; fileRef = 49A9803A2072504F00A492D5 /* FirstNavViewController.swift */; };
		49A9803D2072506500A492D5 /* SecondNavViewController.swift in Sources */ = {isa = PBXBuildFile; fileRef = 49A9803C2072506500A492D5 /* SecondNavViewController.swift */; };
		49A9803F2072508100A492D5 /* ThirdNavViewController.swift in Sources */ = {isa = PBXBuildFile; fileRef = 49A9803E2072508100A492D5 /* ThirdNavViewController.swift */; };
		49A98041207253D700A492D5 /* StaticNavController.swift in Sources */ = {isa = PBXBuildFile; fileRef = 49A98040207253D700A492D5 /* StaticNavController.swift */; };
		49A98043207253EA00A492D5 /* StaticNavBar.swift in Sources */ = {isa = PBXBuildFile; fileRef = 49A98042207253EA00A492D5 /* StaticNavBar.swift */; };
		49D169FC210B159500518365 /* NavigationBarDisappearViewController.swift in Sources */ = {isa = PBXBuildFile; fileRef = 49D169FB210B159500518365 /* NavigationBarDisappearViewController.swift */; };
		49D169FE210B15A600518365 /* NavigationBarAppearViewController.swift in Sources */ = {isa = PBXBuildFile; fileRef = 49D169FD210B15A600518365 /* NavigationBarAppearViewController.swift */; };
		49D56ECE2088D9AF006A32F0 /* MapKit.framework in Frameworks */ = {isa = PBXBuildFile; fileRef = 49D56ECD2088D9AF006A32F0 /* MapKit.framework */; };
		49F51971216E0D15000FE0AA /* PresenterViewController.swift in Sources */ = {isa = PBXBuildFile; fileRef = 49F51970216E0D15000FE0AA /* PresenterViewController.swift */; };
		49F519A421840790000FE0AA /* AttributedStringViewController.swift in Sources */ = {isa = PBXBuildFile; fileRef = 49F519A321840790000FE0AA /* AttributedStringViewController.swift */; };
		49FDA13F20D071D500750592 /* AutoLayoutTableViewCell.xib in Resources */ = {isa = PBXBuildFile; fileRef = 49FDA13E20D071D500750592 /* AutoLayoutTableViewCell.xib */; };
		49FDA14120D0758100750592 /* AutoLayoutTableViewCell.swift in Sources */ = {isa = PBXBuildFile; fileRef = 49FDA14020D0758100750592 /* AutoLayoutTableViewCell.swift */; };
/* End PBXBuildFile section */

/* Begin PBXFileReference section */
		2E0E9DF321487D5500D5D98F /* HeightCalculable.swift */ = {isa = PBXFileReference; fileEncoding = 4; lastKnownFileType = sourcecode.swift; path = HeightCalculable.swift; sourceTree = "<group>"; };
		2E0E9DF521487D9500D5D98F /* Array+Extension.swift */ = {isa = PBXFileReference; fileEncoding = 4; lastKnownFileType = sourcecode.swift; path = "Array+Extension.swift"; sourceTree = "<group>"; };
		2E0E9DF721487DFA00D5D98F /* TextHeightCalculator.swift */ = {isa = PBXFileReference; fileEncoding = 4; lastKnownFileType = sourcecode.swift; path = TextHeightCalculator.swift; sourceTree = "<group>"; };
		2E2F7D10215086FD0080A256 /* HighlightableSearchBar.xib */ = {isa = PBXFileReference; fileEncoding = 4; lastKnownFileType = file.xib; path = HighlightableSearchBar.xib; sourceTree = "<group>"; };
		2E2F7D11215086FD0080A256 /* HighlightableSearchBar.swift */ = {isa = PBXFileReference; fileEncoding = 4; lastKnownFileType = sourcecode.swift; path = HighlightableSearchBar.swift; sourceTree = "<group>"; };
		2E318B44210547C500E6EF83 /* SearchBarViewController.swift */ = {isa = PBXFileReference; fileEncoding = 4; lastKnownFileType = sourcecode.swift; path = SearchBarViewController.swift; sourceTree = "<group>"; };
		2E7FB43421225123000A852D /* CuteCollectionViewCell.xib */ = {isa = PBXFileReference; fileEncoding = 4; lastKnownFileType = file.xib; path = CuteCollectionViewCell.xib; sourceTree = "<group>"; };
		2E7FB43621225208000A852D /* CuteCollectionViewCell.swift */ = {isa = PBXFileReference; fileEncoding = 4; lastKnownFileType = sourcecode.swift; path = CuteCollectionViewCell.swift; sourceTree = "<group>"; };
		2E7FB43821225518000A852D /* DynamicCollectionViewController.swift */ = {isa = PBXFileReference; lastKnownFileType = sourcecode.swift; path = DynamicCollectionViewController.swift; sourceTree = "<group>"; };
		2E7FB43A21225791000A852D /* DynamicHeightCollectionViewLayout.swift */ = {isa = PBXFileReference; fileEncoding = 4; lastKnownFileType = sourcecode.swift; path = DynamicHeightCollectionViewLayout.swift; sourceTree = "<group>"; };
		2E80ADC020BF894C00A6DCD4 /* FirstCustomTransitionViewController.swift */ = {isa = PBXFileReference; fileEncoding = 4; lastKnownFileType = sourcecode.swift; path = FirstCustomTransitionViewController.swift; sourceTree = "<group>"; };
		2E80ADC220BF896D00A6DCD4 /* SecondCustomTransitionViewController.swift */ = {isa = PBXFileReference; fileEncoding = 4; lastKnownFileType = sourcecode.swift; path = SecondCustomTransitionViewController.swift; sourceTree = "<group>"; };
		2E8AAADA212F692E00D7BD99 /* AdorableCollectionViewCell.xib */ = {isa = PBXFileReference; fileEncoding = 4; lastKnownFileType = file.xib; path = AdorableCollectionViewCell.xib; sourceTree = "<group>"; };
		2E8AAADC212F693900D7BD99 /* AdorableCollectionViewCell.swift */ = {isa = PBXFileReference; fileEncoding = 4; lastKnownFileType = sourcecode.swift; path = AdorableCollectionViewCell.swift; sourceTree = "<group>"; };
		2EB88C62213DF50000B523BE /* ButtonLayoutViewController.swift */ = {isa = PBXFileReference; fileEncoding = 4; lastKnownFileType = sourcecode.swift; path = ButtonLayoutViewController.swift; sourceTree = "<group>"; };
		2ECFEA6020E44D3A0064E12B /* AutoLayoutCollectionViewCell.swift */ = {isa = PBXFileReference; fileEncoding = 4; lastKnownFileType = sourcecode.swift; path = AutoLayoutCollectionViewCell.swift; sourceTree = "<group>"; };
		2ECFEA6220E44D490064E12B /* AutoLayoutCollectionViewCell.xib */ = {isa = PBXFileReference; fileEncoding = 4; lastKnownFileType = file.xib; path = AutoLayoutCollectionViewCell.xib; sourceTree = "<group>"; };
		2ED728F42159B4F40064C3E7 /* PseudoCollectionViewController.swift */ = {isa = PBXFileReference; fileEncoding = 4; lastKnownFileType = sourcecode.swift; path = PseudoCollectionViewController.swift; sourceTree = "<group>"; };
		2EF9C0CD2159C13E00539D20 /* LargePseudoCollectionReusableView.xib */ = {isa = PBXFileReference; lastKnownFileType = file.xib; path = LargePseudoCollectionReusableView.xib; sourceTree = "<group>"; };
		2EF9C0CF2159C24E00539D20 /* SmallPseudoCollectionViewCell.xib */ = {isa = PBXFileReference; fileEncoding = 4; lastKnownFileType = file.xib; path = SmallPseudoCollectionViewCell.xib; sourceTree = "<group>"; };
		490224B12122EEF8009E9AC4 /* PillarCollectionReusableView.xib */ = {isa = PBXFileReference; fileEncoding = 4; lastKnownFileType = file.xib; path = PillarCollectionReusableView.xib; sourceTree = "<group>"; };
		490224B32122EF7E009E9AC4 /* PillarCollectionReusableView.swift */ = {isa = PBXFileReference; lastKnownFileType = sourcecode.swift; path = PillarCollectionReusableView.swift; sourceTree = "<group>"; };
		4909802B20A451540078CA4E /* FirstTabViewController.swift */ = {isa = PBXFileReference; lastKnownFileType = sourcecode.swift; path = FirstTabViewController.swift; sourceTree = "<group>"; };
		49116FA320E3C24C00C4C31C /* CollectionMovementViewController.swift */ = {isa = PBXFileReference; fileEncoding = 4; lastKnownFileType = sourcecode.swift; path = CollectionMovementViewController.swift; sourceTree = "<group>"; };
		491572511DCEA0AD0046AD0D /* CustomView.swift */ = {isa = PBXFileReference; fileEncoding = 4; lastKnownFileType = sourcecode.swift; path = CustomView.swift; sourceTree = "<group>"; };
		49172CAF1C54ABE70008B61B /* MemeTextField.swift */ = {isa = PBXFileReference; fileEncoding = 4; lastKnownFileType = sourcecode.swift; path = MemeTextField.swift; sourceTree = "<group>"; };
		491C11FB208F44B400C59999 /* ConstrainedLabelViewController.swift */ = {isa = PBXFileReference; lastKnownFileType = sourcecode.swift; path = ConstrainedLabelViewController.swift; sourceTree = "<group>"; };
		49376B042164DF6600933057 /* InsetSeparatorReusableView.xib */ = {isa = PBXFileReference; fileEncoding = 4; lastKnownFileType = file.xib; path = InsetSeparatorReusableView.xib; sourceTree = "<group>"; };
		494873EF1C53555800B689D3 /* Playground.app */ = {isa = PBXFileReference; explicitFileType = wrapper.application; includeInIndex = 0; path = Playground.app; sourceTree = BUILT_PRODUCTS_DIR; };
		494873F21C53555800B689D3 /* AppDelegate.swift */ = {isa = PBXFileReference; lastKnownFileType = sourcecode.swift; path = AppDelegate.swift; sourceTree = "<group>"; };
		494873F41C53555800B689D3 /* ViewController.swift */ = {isa = PBXFileReference; lastKnownFileType = sourcecode.swift; path = ViewController.swift; sourceTree = "<group>"; };
		494873F71C53555800B689D3 /* Base */ = {isa = PBXFileReference; lastKnownFileType = file.storyboard; name = Base; path = Base.lproj/Main.storyboard; sourceTree = "<group>"; };
		494873F91C53555800B689D3 /* Assets.xcassets */ = {isa = PBXFileReference; lastKnownFileType = folder.assetcatalog; path = Assets.xcassets; sourceTree = "<group>"; };
		494873FC1C53555800B689D3 /* Base */ = {isa = PBXFileReference; lastKnownFileType = file.storyboard; name = Base; path = Base.lproj/LaunchScreen.storyboard; sourceTree = "<group>"; };
		494873FE1C53555800B689D3 /* Info.plist */ = {isa = PBXFileReference; lastKnownFileType = text.plist.xml; path = Info.plist; sourceTree = "<group>"; };
		494874041C5371C600B689D3 /* Meme.swift */ = {isa = PBXFileReference; fileEncoding = 4; lastKnownFileType = sourcecode.swift; path = Meme.swift; sourceTree = "<group>"; };
		496454A4218B1D9900F790C9 /* LoaderCollectionReusableView.xib */ = {isa = PBXFileReference; fileEncoding = 4; lastKnownFileType = file.xib; path = LoaderCollectionReusableView.xib; sourceTree = "<group>"; };
		49702DF5208F5A1000064C84 /* TableMovementViewController.swift */ = {isa = PBXFileReference; fileEncoding = 4; lastKnownFileType = sourcecode.swift; path = TableMovementViewController.swift; sourceTree = "<group>"; };
		4974E140212C26B3004AE3D0 /* MenuViewController.swift */ = {isa = PBXFileReference; lastKnownFileType = sourcecode.swift; path = MenuViewController.swift; sourceTree = "<group>"; };
		4975419C21470C56006CC7C0 /* ChangeTracerArray.swift */ = {isa = PBXFileReference; fileEncoding = 4; lastKnownFileType = sourcecode.swift; path = ChangeTracerArray.swift; sourceTree = "<group>"; };
		4979EC5E2063DDE40024BC6F /* SkeletonView.swift */ = {isa = PBXFileReference; fileEncoding = 4; lastKnownFileType = sourcecode.swift; path = SkeletonView.swift; sourceTree = "<group>"; };
		4979EC612063E2FA0024BC6F /* SkeletonTestViewController.swift */ = {isa = PBXFileReference; lastKnownFileType = sourcecode.swift; path = SkeletonTestViewController.swift; sourceTree = "<group>"; };
		498BA3F1208207AC00BAF4FB /* ColorPageViewController.swift */ = {isa = PBXFileReference; lastKnownFileType = sourcecode.swift; path = ColorPageViewController.swift; sourceTree = "<group>"; };
		498BA3F32082E29B00BAF4FB /* ColorSelectViewController.swift */ = {isa = PBXFileReference; fileEncoding = 4; lastKnownFileType = sourcecode.swift; path = ColorSelectViewController.swift; sourceTree = "<group>"; };
		499992C7205CA934001871CF /* LabelViewController.swift */ = {isa = PBXFileReference; fileEncoding = 4; lastKnownFileType = sourcecode.swift; path = LabelViewController.swift; sourceTree = "<group>"; };
		49A9803A2072504F00A492D5 /* FirstNavViewController.swift */ = {isa = PBXFileReference; fileEncoding = 4; lastKnownFileType = sourcecode.swift; path = FirstNavViewController.swift; sourceTree = "<group>"; };
		49A9803C2072506500A492D5 /* SecondNavViewController.swift */ = {isa = PBXFileReference; fileEncoding = 4; lastKnownFileType = sourcecode.swift; path = SecondNavViewController.swift; sourceTree = "<group>"; };
		49A9803E2072508100A492D5 /* ThirdNavViewController.swift */ = {isa = PBXFileReference; fileEncoding = 4; lastKnownFileType = sourcecode.swift; path = ThirdNavViewController.swift; sourceTree = "<group>"; };
		49A98040207253D700A492D5 /* StaticNavController.swift */ = {isa = PBXFileReference; lastKnownFileType = sourcecode.swift; path = StaticNavController.swift; sourceTree = "<group>"; };
		49A98042207253EA00A492D5 /* StaticNavBar.swift */ = {isa = PBXFileReference; lastKnownFileType = sourcecode.swift; path = StaticNavBar.swift; sourceTree = "<group>"; };
		49D169FB210B159500518365 /* NavigationBarDisappearViewController.swift */ = {isa = PBXFileReference; lastKnownFileType = sourcecode.swift; path = NavigationBarDisappearViewController.swift; sourceTree = "<group>"; };
		49D169FD210B15A600518365 /* NavigationBarAppearViewController.swift */ = {isa = PBXFileReference; fileEncoding = 4; lastKnownFileType = sourcecode.swift; path = NavigationBarAppearViewController.swift; sourceTree = "<group>"; };
		49D56ECD2088D9AF006A32F0 /* MapKit.framework */ = {isa = PBXFileReference; lastKnownFileType = wrapper.framework; name = MapKit.framework; path = System/Library/Frameworks/MapKit.framework; sourceTree = SDKROOT; };
		49F51970216E0D15000FE0AA /* PresenterViewController.swift */ = {isa = PBXFileReference; fileEncoding = 4; lastKnownFileType = sourcecode.swift; path = PresenterViewController.swift; sourceTree = "<group>"; };
		49F519A321840790000FE0AA /* AttributedStringViewController.swift */ = {isa = PBXFileReference; fileEncoding = 4; lastKnownFileType = sourcecode.swift; path = AttributedStringViewController.swift; sourceTree = "<group>"; };
		49FDA13E20D071D500750592 /* AutoLayoutTableViewCell.xib */ = {isa = PBXFileReference; lastKnownFileType = file.xib; path = AutoLayoutTableViewCell.xib; sourceTree = "<group>"; };
		49FDA14020D0758100750592 /* AutoLayoutTableViewCell.swift */ = {isa = PBXFileReference; lastKnownFileType = sourcecode.swift; path = AutoLayoutTableViewCell.swift; sourceTree = "<group>"; };
/* End PBXFileReference section */

/* Begin PBXFrameworksBuildPhase section */
		494873EC1C53555800B689D3 /* Frameworks */ = {
			isa = PBXFrameworksBuildPhase;
			buildActionMask = 2147483647;
			files = (
				49D56ECE2088D9AF006A32F0 /* MapKit.framework in Frameworks */,
			);
			runOnlyForDeploymentPostprocessing = 0;
		};
/* End PBXFrameworksBuildPhase section */

/* Begin PBXGroup section */
		494873E61C53555800B689D3 = {
			isa = PBXGroup;
			children = (
				494873F11C53555800B689D3 /* Playground */,
				494873F01C53555800B689D3 /* Products */,
				49D56ECC2088D9AE006A32F0 /* Frameworks */,
			);
			sourceTree = "<group>";
		};
		494873F01C53555800B689D3 /* Products */ = {
			isa = PBXGroup;
			children = (
				494873EF1C53555800B689D3 /* Playground.app */,
			);
			name = Products;
			sourceTree = "<group>";
		};
		494873F11C53555800B689D3 /* Playground */ = {
			isa = PBXGroup;
			children = (
				494873F21C53555800B689D3 /* AppDelegate.swift */,
				494873F41C53555800B689D3 /* ViewController.swift */,
				49A98040207253D700A492D5 /* StaticNavController.swift */,
				49A98042207253EA00A492D5 /* StaticNavBar.swift */,
				49A9803A2072504F00A492D5 /* FirstNavViewController.swift */,
				49A9803C2072506500A492D5 /* SecondNavViewController.swift */,
				49A9803E2072508100A492D5 /* ThirdNavViewController.swift */,
				499992C7205CA934001871CF /* LabelViewController.swift */,
				491572511DCEA0AD0046AD0D /* CustomView.swift */,
				494873F61C53555800B689D3 /* Main.storyboard */,
				4974E140212C26B3004AE3D0 /* MenuViewController.swift */,
				49F519A321840790000FE0AA /* AttributedStringViewController.swift */,
				49F51970216E0D15000FE0AA /* PresenterViewController.swift */,
				2ED728F42159B4F40064C3E7 /* PseudoCollectionViewController.swift */,
				496454A4218B1D9900F790C9 /* LoaderCollectionReusableView.xib */,
				2EF9C0CD2159C13E00539D20 /* LargePseudoCollectionReusableView.xib */,
				2EF9C0CF2159C24E00539D20 /* SmallPseudoCollectionViewCell.xib */,
				2E2F7D11215086FD0080A256 /* HighlightableSearchBar.swift */,
				2E2F7D10215086FD0080A256 /* HighlightableSearchBar.xib */,
				2EB88C62213DF50000B523BE /* ButtonLayoutViewController.swift */,
				2E7FB43821225518000A852D /* DynamicCollectionViewController.swift */,
				2E7FB43A21225791000A852D /* DynamicHeightCollectionViewLayout.swift */,
				4975419C21470C56006CC7C0 /* ChangeTracerArray.swift */,
				2E0E9DF321487D5500D5D98F /* HeightCalculable.swift */,
				2E0E9DF721487DFA00D5D98F /* TextHeightCalculator.swift */,
				2E0E9DF521487D9500D5D98F /* Array+Extension.swift */,
				2E8AAADA212F692E00D7BD99 /* AdorableCollectionViewCell.xib */,
				2E8AAADC212F693900D7BD99 /* AdorableCollectionViewCell.swift */,
				2E7FB43421225123000A852D /* CuteCollectionViewCell.xib */,
				2E7FB43621225208000A852D /* CuteCollectionViewCell.swift */,
				490224B12122EEF8009E9AC4 /* PillarCollectionReusableView.xib */,
				49376B042164DF6600933057 /* InsetSeparatorReusableView.xib */,
				490224B32122EF7E009E9AC4 /* PillarCollectionReusableView.swift */,
				2E318B44210547C500E6EF83 /* SearchBarViewController.swift */,
				49D169FB210B159500518365 /* NavigationBarDisappearViewController.swift */,
				49D169FD210B15A600518365 /* NavigationBarAppearViewController.swift */,
				49FDA13E20D071D500750592 /* AutoLayoutTableViewCell.xib */,
				49FDA14020D0758100750592 /* AutoLayoutTableViewCell.swift */,
				2ECFEA6220E44D490064E12B /* AutoLayoutCollectionViewCell.xib */,
				2ECFEA6020E44D3A0064E12B /* AutoLayoutCollectionViewCell.swift */,
				2E80ADC020BF894C00A6DCD4 /* FirstCustomTransitionViewController.swift */,
				2E80ADC220BF896D00A6DCD4 /* SecondCustomTransitionViewController.swift */,
				4909802B20A451540078CA4E /* FirstTabViewController.swift */,
				49702DF5208F5A1000064C84 /* TableMovementViewController.swift */,
				49116FA320E3C24C00C4C31C /* CollectionMovementViewController.swift */,
				491C11FB208F44B400C59999 /* ConstrainedLabelViewController.swift */,
				498BA3F1208207AC00BAF4FB /* ColorPageViewController.swift */,
				498BA3F32082E29B00BAF4FB /* ColorSelectViewController.swift */,
				4979EC612063E2FA0024BC6F /* SkeletonTestViewController.swift */,
				4979EC5E2063DDE40024BC6F /* SkeletonView.swift */,
				49172CAF1C54ABE70008B61B /* MemeTextField.swift */,
				494874041C5371C600B689D3 /* Meme.swift */,
				494873F91C53555800B689D3 /* Assets.xcassets */,
				494873FB1C53555800B689D3 /* LaunchScreen.storyboard */,
				494873FE1C53555800B689D3 /* Info.plist */,
			);
			path = Playground;
			sourceTree = "<group>";
		};
		49D56ECC2088D9AE006A32F0 /* Frameworks */ = {
			isa = PBXGroup;
			children = (
				49D56ECD2088D9AF006A32F0 /* MapKit.framework */,
			);
			name = Frameworks;
			sourceTree = "<group>";
		};
/* End PBXGroup section */

/* Begin PBXNativeTarget section */
		494873EE1C53555800B689D3 /* Playground */ = {
			isa = PBXNativeTarget;
			buildConfigurationList = 494874011C53555800B689D3 /* Build configuration list for PBXNativeTarget "Playground" */;
			buildPhases = (
				494873EB1C53555800B689D3 /* Sources */,
				494873EC1C53555800B689D3 /* Frameworks */,
				494873ED1C53555800B689D3 /* Resources */,
			);
			buildRules = (
			);
			dependencies = (
			);
			name = Playground;
			productName = Playground;
			productReference = 494873EF1C53555800B689D3 /* Playground.app */;
			productType = "com.apple.product-type.application";
		};
/* End PBXNativeTarget section */

/* Begin PBXProject section */
		494873E71C53555800B689D3 /* Project object */ = {
			isa = PBXProject;
			attributes = {
				LastSwiftUpdateCheck = 0720;
				LastUpgradeCheck = 0930;
				ORGANIZATIONNAME = "Andrew Tantomo";
				TargetAttributes = {
					494873EE1C53555800B689D3 = {
						CreatedOnToolsVersion = 7.2;
						DevelopmentTeam = GZA5R9P42G;
						LastSwiftMigration = 0930;
					};
				};
			};
			buildConfigurationList = 494873EA1C53555800B689D3 /* Build configuration list for PBXProject "Playground" */;
			compatibilityVersion = "Xcode 3.2";
			developmentRegion = English;
			hasScannedForEncodings = 0;
			knownRegions = (
				en,
				Base,
			);
			mainGroup = 494873E61C53555800B689D3;
			productRefGroup = 494873F01C53555800B689D3 /* Products */;
			projectDirPath = "";
			projectRoot = "";
			targets = (
				494873EE1C53555800B689D3 /* Playground */,
			);
		};
/* End PBXProject section */

/* Begin PBXResourcesBuildPhase section */
		494873ED1C53555800B689D3 /* Resources */ = {
			isa = PBXResourcesBuildPhase;
			buildActionMask = 2147483647;
			files = (
				2E8AAADB212F692E00D7BD99 /* AdorableCollectionViewCell.xib in Resources */,
				494873FD1C53555800B689D3 /* LaunchScreen.storyboard in Resources */,
				2ECFEA6320E44D490064E12B /* AutoLayoutCollectionViewCell.xib in Resources */,
				2E2F7D12215086FD0080A256 /* HighlightableSearchBar.xib in Resources */,
				494873FA1C53555800B689D3 /* Assets.xcassets in Resources */,
				49376B052164DF6600933057 /* InsetSeparatorReusableView.xib in Resources */,
				2EF9C0CE2159C13E00539D20 /* LargePseudoCollectionReusableView.xib in Resources */,
				2EF9C0D02159C24E00539D20 /* SmallPseudoCollectionViewCell.xib in Resources */,
				490224B22122EEF8009E9AC4 /* PillarCollectionReusableView.xib in Resources */,
				496454A5218B1D9900F790C9 /* LoaderCollectionReusableView.xib in Resources */,
				2E7FB43521225123000A852D /* CuteCollectionViewCell.xib in Resources */,
				49FDA13F20D071D500750592 /* AutoLayoutTableViewCell.xib in Resources */,
				494873F81C53555800B689D3 /* Main.storyboard in Resources */,
			);
			runOnlyForDeploymentPostprocessing = 0;
		};
/* End PBXResourcesBuildPhase section */

/* Begin PBXSourcesBuildPhase section */
		494873EB1C53555800B689D3 /* Sources */ = {
			isa = PBXSourcesBuildPhase;
			buildActionMask = 2147483647;
			files = (
				49A9803D2072506500A492D5 /* SecondNavViewController.swift in Sources */,
				491572521DCEA0AD0046AD0D /* CustomView.swift in Sources */,
				49F519A421840790000FE0AA /* AttributedStringViewController.swift in Sources */,
				2E318B45210547C500E6EF83 /* SearchBarViewController.swift in Sources */,
				2E0E9DF621487D9500D5D98F /* Array+Extension.swift in Sources */,
				49A98041207253D700A492D5 /* StaticNavController.swift in Sources */,
				49A9803F2072508100A492D5 /* ThirdNavViewController.swift in Sources */,
				494874051C5371C600B689D3 /* Meme.swift in Sources */,
				49F51971216E0D15000FE0AA /* PresenterViewController.swift in Sources */,
				2E0E9DF821487DFA00D5D98F /* TextHeightCalculator.swift in Sources */,
				2E7FB43B21225791000A852D /* DynamicHeightCollectionViewLayout.swift in Sources */,
				4974E141212C26B3004AE3D0 /* MenuViewController.swift in Sources */,
				2ED728F52159B4F40064C3E7 /* PseudoCollectionViewController.swift in Sources */,
				2E7FB43721225208000A852D /* CuteCollectionViewCell.swift in Sources */,
				49116FA420E3C24C00C4C31C /* CollectionMovementViewController.swift in Sources */,
				494873F51C53555800B689D3 /* ViewController.swift in Sources */,
				494873F31C53555800B689D3 /* AppDelegate.swift in Sources */,
				49172CB01C54ABE70008B61B /* MemeTextField.swift in Sources */,
				2ECFEA6120E44D3A0064E12B /* AutoLayoutCollectionViewCell.swift in Sources */,
				498BA3F42082E29B00BAF4FB /* ColorSelectViewController.swift in Sources */,
				2EB88C63213DF50000B523BE /* ButtonLayoutViewController.swift in Sources */,
				2E7FB43921225518000A852D /* DynamicCollectionViewController.swift in Sources */,
				49A9803B2072504F00A492D5 /* FirstNavViewController.swift in Sources */,
				49FDA14120D0758100750592 /* AutoLayoutTableViewCell.swift in Sources */,
				4979EC5F2063DDE40024BC6F /* SkeletonView.swift in Sources */,
				4975419D21470C56006CC7C0 /* ChangeTracerArray.swift in Sources */,
				4979EC622063E2FB0024BC6F /* SkeletonTestViewController.swift in Sources */,
				499992C8205CA934001871CF /* LabelViewController.swift in Sources */,
				498BA3F2208207AC00BAF4FB /* ColorPageViewController.swift in Sources */,
				490224B42122EF7E009E9AC4 /* PillarCollectionReusableView.swift in Sources */,
				2E0E9DF421487D5500D5D98F /* HeightCalculable.swift in Sources */,
				49D169FE210B15A600518365 /* NavigationBarAppearViewController.swift in Sources */,
				2E8AAADD212F693900D7BD99 /* AdorableCollectionViewCell.swift in Sources */,
				2E80ADC320BF896D00A6DCD4 /* SecondCustomTransitionViewController.swift in Sources */,
				49D169FC210B159500518365 /* NavigationBarDisappearViewController.swift in Sources */,
				491C11FC208F44B400C59999 /* ConstrainedLabelViewController.swift in Sources */,
				2E80ADC120BF894C00A6DCD4 /* FirstCustomTransitionViewController.swift in Sources */,
				2E2F7D13215086FD0080A256 /* HighlightableSearchBar.swift in Sources */,
				49702DF6208F5A1000064C84 /* TableMovementViewController.swift in Sources */,
				4909802C20A451540078CA4E /* FirstTabViewController.swift in Sources */,
				49A98043207253EA00A492D5 /* StaticNavBar.swift in Sources */,
			);
			runOnlyForDeploymentPostprocessing = 0;
		};
/* End PBXSourcesBuildPhase section */

/* Begin PBXVariantGroup section */
		494873F61C53555800B689D3 /* Main.storyboard */ = {
			isa = PBXVariantGroup;
			children = (
				494873F71C53555800B689D3 /* Base */,
			);
			name = Main.storyboard;
			sourceTree = "<group>";
		};
		494873FB1C53555800B689D3 /* LaunchScreen.storyboard */ = {
			isa = PBXVariantGroup;
			children = (
				494873FC1C53555800B689D3 /* Base */,
			);
			name = LaunchScreen.storyboard;
			sourceTree = "<group>";
		};
/* End PBXVariantGroup section */

/* Begin XCBuildConfiguration section */
		494873FF1C53555800B689D3 /* Debug */ = {
			isa = XCBuildConfiguration;
			buildSettings = {
				ALWAYS_SEARCH_USER_PATHS = NO;
				CLANG_CXX_LANGUAGE_STANDARD = "gnu++0x";
				CLANG_CXX_LIBRARY = "libc++";
				CLANG_ENABLE_MODULES = YES;
				CLANG_ENABLE_OBJC_ARC = YES;
				CLANG_WARN_BLOCK_CAPTURE_AUTORELEASING = YES;
				CLANG_WARN_BOOL_CONVERSION = YES;
				CLANG_WARN_COMMA = YES;
				CLANG_WARN_CONSTANT_CONVERSION = YES;
				CLANG_WARN_DEPRECATED_OBJC_IMPLEMENTATIONS = YES;
				CLANG_WARN_DIRECT_OBJC_ISA_USAGE = YES_ERROR;
				CLANG_WARN_EMPTY_BODY = YES;
				CLANG_WARN_ENUM_CONVERSION = YES;
				CLANG_WARN_INFINITE_RECURSION = YES;
				CLANG_WARN_INT_CONVERSION = YES;
				CLANG_WARN_NON_LITERAL_NULL_CONVERSION = YES;
				CLANG_WARN_OBJC_IMPLICIT_RETAIN_SELF = YES;
				CLANG_WARN_OBJC_LITERAL_CONVERSION = YES;
				CLANG_WARN_OBJC_ROOT_CLASS = YES_ERROR;
				CLANG_WARN_RANGE_LOOP_ANALYSIS = YES;
				CLANG_WARN_STRICT_PROTOTYPES = YES;
				CLANG_WARN_SUSPICIOUS_MOVE = YES;
				CLANG_WARN_UNREACHABLE_CODE = YES;
				CLANG_WARN__DUPLICATE_METHOD_MATCH = YES;
				"CODE_SIGN_IDENTITY[sdk=iphoneos*]" = "iPhone Developer";
				COPY_PHASE_STRIP = NO;
				DEBUG_INFORMATION_FORMAT = dwarf;
				ENABLE_STRICT_OBJC_MSGSEND = YES;
				ENABLE_TESTABILITY = YES;
				GCC_C_LANGUAGE_STANDARD = gnu99;
				GCC_DYNAMIC_NO_PIC = NO;
				GCC_NO_COMMON_BLOCKS = YES;
				GCC_OPTIMIZATION_LEVEL = 0;
				GCC_PREPROCESSOR_DEFINITIONS = (
					"DEBUG=1",
					"$(inherited)",
				);
				GCC_WARN_64_TO_32_BIT_CONVERSION = YES;
				GCC_WARN_ABOUT_RETURN_TYPE = YES_ERROR;
				GCC_WARN_UNDECLARED_SELECTOR = YES;
				GCC_WARN_UNINITIALIZED_AUTOS = YES_AGGRESSIVE;
				GCC_WARN_UNUSED_FUNCTION = YES;
				GCC_WARN_UNUSED_VARIABLE = YES;
				IPHONEOS_DEPLOYMENT_TARGET = 9.2;
				MTL_ENABLE_DEBUG_INFO = YES;
				ONLY_ACTIVE_ARCH = YES;
				SDKROOT = iphoneos;
				SWIFT_OPTIMIZATION_LEVEL = "-Onone";
			};
			name = Debug;
		};
		494874001C53555800B689D3 /* Release */ = {
			isa = XCBuildConfiguration;
			buildSettings = {
				ALWAYS_SEARCH_USER_PATHS = NO;
				CLANG_CXX_LANGUAGE_STANDARD = "gnu++0x";
				CLANG_CXX_LIBRARY = "libc++";
				CLANG_ENABLE_MODULES = YES;
				CLANG_ENABLE_OBJC_ARC = YES;
				CLANG_WARN_BLOCK_CAPTURE_AUTORELEASING = YES;
				CLANG_WARN_BOOL_CONVERSION = YES;
				CLANG_WARN_COMMA = YES;
				CLANG_WARN_CONSTANT_CONVERSION = YES;
				CLANG_WARN_DEPRECATED_OBJC_IMPLEMENTATIONS = YES;
				CLANG_WARN_DIRECT_OBJC_ISA_USAGE = YES_ERROR;
				CLANG_WARN_EMPTY_BODY = YES;
				CLANG_WARN_ENUM_CONVERSION = YES;
				CLANG_WARN_INFINITE_RECURSION = YES;
				CLANG_WARN_INT_CONVERSION = YES;
				CLANG_WARN_NON_LITERAL_NULL_CONVERSION = YES;
				CLANG_WARN_OBJC_IMPLICIT_RETAIN_SELF = YES;
				CLANG_WARN_OBJC_LITERAL_CONVERSION = YES;
				CLANG_WARN_OBJC_ROOT_CLASS = YES_ERROR;
				CLANG_WARN_RANGE_LOOP_ANALYSIS = YES;
				CLANG_WARN_STRICT_PROTOTYPES = YES;
				CLANG_WARN_SUSPICIOUS_MOVE = YES;
				CLANG_WARN_UNREACHABLE_CODE = YES;
				CLANG_WARN__DUPLICATE_METHOD_MATCH = YES;
				"CODE_SIGN_IDENTITY[sdk=iphoneos*]" = "iPhone Developer";
				COPY_PHASE_STRIP = NO;
				DEBUG_INFORMATION_FORMAT = "dwarf-with-dsym";
				ENABLE_NS_ASSERTIONS = NO;
				ENABLE_STRICT_OBJC_MSGSEND = YES;
				GCC_C_LANGUAGE_STANDARD = gnu99;
				GCC_NO_COMMON_BLOCKS = YES;
				GCC_WARN_64_TO_32_BIT_CONVERSION = YES;
				GCC_WARN_ABOUT_RETURN_TYPE = YES_ERROR;
				GCC_WARN_UNDECLARED_SELECTOR = YES;
				GCC_WARN_UNINITIALIZED_AUTOS = YES_AGGRESSIVE;
				GCC_WARN_UNUSED_FUNCTION = YES;
				GCC_WARN_UNUSED_VARIABLE = YES;
				IPHONEOS_DEPLOYMENT_TARGET = 9.2;
				MTL_ENABLE_DEBUG_INFO = NO;
				SDKROOT = iphoneos;
				SWIFT_COMPILATION_MODE = wholemodule;
				VALIDATE_PRODUCT = YES;
			};
			name = Release;
		};
		494874021C53555800B689D3 /* Debug */ = {
			isa = XCBuildConfiguration;
			buildSettings = {
				ASSETCATALOG_COMPILER_APPICON_NAME = AppIcon;
				CODE_SIGN_IDENTITY = "iPhone Developer";
				"CODE_SIGN_IDENTITY[sdk=iphoneos*]" = "iPhone Developer";
				DEVELOPMENT_TEAM = GZA5R9P42G;
				FRAMEWORK_SEARCH_PATHS = "$(inherited)";
				INFOPLIST_FILE = Playground/Info.plist;
				LD_RUNPATH_SEARCH_PATHS = "$(inherited) @executable_path/Frameworks";
				PRODUCT_BUNDLE_IDENTIFIER = "Andrew-Tantomo.Playground";
				PRODUCT_NAME = "$(TARGET_NAME)";
				PROVISIONING_PROFILE = "";
				SWIFT_SWIFT3_OBJC_INFERENCE = Default;
				SWIFT_VERSION = 4.0;
			};
			name = Debug;
		};
		494874031C53555800B689D3 /* Release */ = {
			isa = XCBuildConfiguration;
			buildSettings = {
				ASSETCATALOG_COMPILER_APPICON_NAME = AppIcon;
				CODE_SIGN_IDENTITY = "iPhone Developer";
				"CODE_SIGN_IDENTITY[sdk=iphoneos*]" = "iPhone Developer";
				DEVELOPMENT_TEAM = GZA5R9P42G;
				FRAMEWORK_SEARCH_PATHS = "$(inherited)";
				INFOPLIST_FILE = Playground/Info.plist;
				LD_RUNPATH_SEARCH_PATHS = "$(inherited) @executable_path/Frameworks";
				PRODUCT_BUNDLE_IDENTIFIER = "Andrew-Tantomo.Playground";
				PRODUCT_NAME = "$(TARGET_NAME)";
				PROVISIONING_PROFILE = "";
				SWIFT_SWIFT3_OBJC_INFERENCE = Default;
				SWIFT_VERSION = 4.0;
			};
			name = Release;
		};
/* End XCBuildConfiguration section */

/* Begin XCConfigurationList section */
		494873EA1C53555800B689D3 /* Build configuration list for PBXProject "Playground" */ = {
			isa = XCConfigurationList;
			buildConfigurations = (
				494873FF1C53555800B689D3 /* Debug */,
				494874001C53555800B689D3 /* Release */,
			);
			defaultConfigurationIsVisible = 0;
			defaultConfigurationName = Release;
		};
		494874011C53555800B689D3 /* Build configuration list for PBXNativeTarget "Playground" */ = {
			isa = XCConfigurationList;
			buildConfigurations = (
				494874021C53555800B689D3 /* Debug */,
				494874031C53555800B689D3 /* Release */,
			);
			defaultConfigurationIsVisible = 0;
			defaultConfigurationName = Release;
		};
/* End XCConfigurationList section */
	};
	rootObject = 494873E71C53555800B689D3 /* Project object */;
}
